// !$*UTF8*$!
{
	archiveVersion = 1;
	classes = {
	};
	objectVersion = 55;
	objects = {

/* Begin PBXBuildFile section */
		5B24FBC628F3BEE0007CBBD9 /* PlayerTimer.swift in Sources */ = {isa = PBXBuildFile; fileRef = 5B24FBC528F3BEE0007CBBD9 /* PlayerTimer.swift */; };
		5BDD679528F1DF9100F0FEE6 /* AppDelegate.swift in Sources */ = {isa = PBXBuildFile; fileRef = 5BDD679428F1DF9100F0FEE6 /* AppDelegate.swift */; };
		5BDD679728F1DF9100F0FEE6 /* SceneDelegate.swift in Sources */ = {isa = PBXBuildFile; fileRef = 5BDD679628F1DF9100F0FEE6 /* SceneDelegate.swift */; };
		5BDD679928F1DF9100F0FEE6 /* ViewController.swift in Sources */ = {isa = PBXBuildFile; fileRef = 5BDD679828F1DF9100F0FEE6 /* ViewController.swift */; };
		5BDD679C28F1DF9100F0FEE6 /* Main.storyboard in Resources */ = {isa = PBXBuildFile; fileRef = 5BDD679A28F1DF9100F0FEE6 /* Main.storyboard */; };
		5BDD679E28F1DF9200F0FEE6 /* Assets.xcassets in Resources */ = {isa = PBXBuildFile; fileRef = 5BDD679D28F1DF9200F0FEE6 /* Assets.xcassets */; };
		5BDD67A128F1DF9200F0FEE6 /* LaunchScreen.storyboard in Resources */ = {isa = PBXBuildFile; fileRef = 5BDD679F28F1DF9200F0FEE6 /* LaunchScreen.storyboard */; };
		5BDD67B628F1DF9200F0FEE6 /* ChessTimerTddProcessUITests.swift in Sources */ = {isa = PBXBuildFile; fileRef = 5BDD67B528F1DF9200F0FEE6 /* ChessTimerTddProcessUITests.swift */; };
		5BDD67B828F1DF9200F0FEE6 /* ChessTimerTddProcessUITestsLaunchTests.swift in Sources */ = {isa = PBXBuildFile; fileRef = 5BDD67B728F1DF9200F0FEE6 /* ChessTimerTddProcessUITestsLaunchTests.swift */; };
		5BDD67C728F1E2D300F0FEE6 /* PlayerTimerPresenterTests.swift in Sources */ = {isa = PBXBuildFile; fileRef = 5BDD67C628F1E2D300F0FEE6 /* PlayerTimerPresenterTests.swift */; };
		5BDD67C928F1E44400F0FEE6 /* PlayerTimerPresenter.swift in Sources */ = {isa = PBXBuildFile; fileRef = 5BDD67C828F1E44400F0FEE6 /* PlayerTimerPresenter.swift */; };
		5BDD67CB28F1E4C200F0FEE6 /* ChessTimerRouter.swift in Sources */ = {isa = PBXBuildFile; fileRef = 5BDD67CA28F1E4C200F0FEE6 /* ChessTimerRouter.swift */; };
		5BDD67CD28F1E4D600F0FEE6 /* ChessTimerRouterProtocol.swift in Sources */ = {isa = PBXBuildFile; fileRef = 5BDD67CC28F1E4D600F0FEE6 /* ChessTimerRouterProtocol.swift */; };
		5BDD67CF28F1E62800F0FEE6 /* PlayerTimerViewController.swift in Sources */ = {isa = PBXBuildFile; fileRef = 5BDD67CE28F1E62800F0FEE6 /* PlayerTimerViewController.swift */; };
		5BDD67D128F1E63800F0FEE6 /* Game.swift in Sources */ = {isa = PBXBuildFile; fileRef = 5BDD67D028F1E63800F0FEE6 /* Game.swift */; };
		5BDD67D328F1E65000F0FEE6 /* PlayerTimerViewController.xib in Resources */ = {isa = PBXBuildFile; fileRef = 5BDD67D228F1E65000F0FEE6 /* PlayerTimerViewController.xib */; };
		5BDD67D528F202ED00F0FEE6 /* PlayerTimerFactory.swift in Sources */ = {isa = PBXBuildFile; fileRef = 5BDD67D428F202ED00F0FEE6 /* PlayerTimerFactory.swift */; };
		5BDD67D828F2080800F0FEE6 /* PlayerTimerViewControllerSpy.swift in Sources */ = {isa = PBXBuildFile; fileRef = 5BDD67D728F2080800F0FEE6 /* PlayerTimerViewControllerSpy.swift */; };
		5BDD67DA28F2092700F0FEE6 /* GameSpy.swift in Sources */ = {isa = PBXBuildFile; fileRef = 5BDD67D928F2092700F0FEE6 /* GameSpy.swift */; };
		5BDD67DC28F20B0300F0FEE6 /* PlayerTimerViewController.swift in Sources */ = {isa = PBXBuildFile; fileRef = 5BDD67DB28F20B0300F0FEE6 /* PlayerTimerViewController.swift */; };
		5BDD67DE28F20B5100F0FEE6 /* PlayerTimerPresenterSpy.swift in Sources */ = {isa = PBXBuildFile; fileRef = 5BDD67DD28F20B5100F0FEE6 /* PlayerTimerPresenterSpy.swift */; };
		5BDD67E128F2102000F0FEE6 /* Player.swift in Sources */ = {isa = PBXBuildFile; fileRef = 5BDD67E028F2102000F0FEE6 /* Player.swift */; };
		5BDD67E328F2123700F0FEE6 /* GameTests.swift in Sources */ = {isa = PBXBuildFile; fileRef = 5BDD67E228F2123700F0FEE6 /* GameTests.swift */; };
/* End PBXBuildFile section */

/* Begin PBXContainerItemProxy section */
		5BDD67A828F1DF9200F0FEE6 /* PBXContainerItemProxy */ = {
			isa = PBXContainerItemProxy;
			containerPortal = 5BDD678928F1DF9100F0FEE6 /* Project object */;
			proxyType = 1;
			remoteGlobalIDString = 5BDD679028F1DF9100F0FEE6;
			remoteInfo = ChessTimerTddProcess;
		};
		5BDD67B228F1DF9200F0FEE6 /* PBXContainerItemProxy */ = {
			isa = PBXContainerItemProxy;
			containerPortal = 5BDD678928F1DF9100F0FEE6 /* Project object */;
			proxyType = 1;
			remoteGlobalIDString = 5BDD679028F1DF9100F0FEE6;
			remoteInfo = ChessTimerTddProcess;
		};
/* End PBXContainerItemProxy section */

/* Begin PBXFileReference section */
		5B24FBC528F3BEE0007CBBD9 /* PlayerTimer.swift */ = {isa = PBXFileReference; lastKnownFileType = sourcecode.swift; path = PlayerTimer.swift; sourceTree = "<group>"; };
		5BDD679128F1DF9100F0FEE6 /* ChessTimerTddProcess.app */ = {isa = PBXFileReference; explicitFileType = wrapper.application; includeInIndex = 0; path = ChessTimerTddProcess.app; sourceTree = BUILT_PRODUCTS_DIR; };
		5BDD679428F1DF9100F0FEE6 /* AppDelegate.swift */ = {isa = PBXFileReference; lastKnownFileType = sourcecode.swift; path = AppDelegate.swift; sourceTree = "<group>"; };
		5BDD679628F1DF9100F0FEE6 /* SceneDelegate.swift */ = {isa = PBXFileReference; lastKnownFileType = sourcecode.swift; path = SceneDelegate.swift; sourceTree = "<group>"; };
		5BDD679828F1DF9100F0FEE6 /* ViewController.swift */ = {isa = PBXFileReference; lastKnownFileType = sourcecode.swift; path = ViewController.swift; sourceTree = "<group>"; };
		5BDD679B28F1DF9100F0FEE6 /* Base */ = {isa = PBXFileReference; lastKnownFileType = file.storyboard; name = Base; path = Base.lproj/Main.storyboard; sourceTree = "<group>"; };
		5BDD679D28F1DF9200F0FEE6 /* Assets.xcassets */ = {isa = PBXFileReference; lastKnownFileType = folder.assetcatalog; path = Assets.xcassets; sourceTree = "<group>"; };
		5BDD67A028F1DF9200F0FEE6 /* Base */ = {isa = PBXFileReference; lastKnownFileType = file.storyboard; name = Base; path = Base.lproj/LaunchScreen.storyboard; sourceTree = "<group>"; };
		5BDD67A228F1DF9200F0FEE6 /* Info.plist */ = {isa = PBXFileReference; lastKnownFileType = text.plist.xml; path = Info.plist; sourceTree = "<group>"; };
		5BDD67A728F1DF9200F0FEE6 /* ChessTimerTddProcessTests.xctest */ = {isa = PBXFileReference; explicitFileType = wrapper.cfbundle; includeInIndex = 0; path = ChessTimerTddProcessTests.xctest; sourceTree = BUILT_PRODUCTS_DIR; };
		5BDD67B128F1DF9200F0FEE6 /* ChessTimerTddProcessUITests.xctest */ = {isa = PBXFileReference; explicitFileType = wrapper.cfbundle; includeInIndex = 0; path = ChessTimerTddProcessUITests.xctest; sourceTree = BUILT_PRODUCTS_DIR; };
		5BDD67B528F1DF9200F0FEE6 /* ChessTimerTddProcessUITests.swift */ = {isa = PBXFileReference; lastKnownFileType = sourcecode.swift; path = ChessTimerTddProcessUITests.swift; sourceTree = "<group>"; };
		5BDD67B728F1DF9200F0FEE6 /* ChessTimerTddProcessUITestsLaunchTests.swift */ = {isa = PBXFileReference; lastKnownFileType = sourcecode.swift; path = ChessTimerTddProcessUITestsLaunchTests.swift; sourceTree = "<group>"; };
		5BDD67C628F1E2D300F0FEE6 /* PlayerTimerPresenterTests.swift */ = {isa = PBXFileReference; lastKnownFileType = sourcecode.swift; path = PlayerTimerPresenterTests.swift; sourceTree = "<group>"; };
		5BDD67C828F1E44400F0FEE6 /* PlayerTimerPresenter.swift */ = {isa = PBXFileReference; lastKnownFileType = sourcecode.swift; path = PlayerTimerPresenter.swift; sourceTree = "<group>"; };
		5BDD67CA28F1E4C200F0FEE6 /* ChessTimerRouter.swift */ = {isa = PBXFileReference; lastKnownFileType = sourcecode.swift; path = ChessTimerRouter.swift; sourceTree = "<group>"; };
		5BDD67CC28F1E4D600F0FEE6 /* ChessTimerRouterProtocol.swift */ = {isa = PBXFileReference; lastKnownFileType = sourcecode.swift; path = ChessTimerRouterProtocol.swift; sourceTree = "<group>"; };
		5BDD67CE28F1E62800F0FEE6 /* PlayerTimerViewController.swift */ = {isa = PBXFileReference; lastKnownFileType = sourcecode.swift; path = PlayerTimerViewController.swift; sourceTree = "<group>"; };
		5BDD67D028F1E63800F0FEE6 /* Game.swift */ = {isa = PBXFileReference; lastKnownFileType = sourcecode.swift; path = Game.swift; sourceTree = "<group>"; };
		5BDD67D228F1E65000F0FEE6 /* PlayerTimerViewController.xib */ = {isa = PBXFileReference; lastKnownFileType = file.xib; path = PlayerTimerViewController.xib; sourceTree = "<group>"; };
		5BDD67D428F202ED00F0FEE6 /* PlayerTimerFactory.swift */ = {isa = PBXFileReference; lastKnownFileType = sourcecode.swift; path = PlayerTimerFactory.swift; sourceTree = "<group>"; };
		5BDD67D728F2080800F0FEE6 /* PlayerTimerViewControllerSpy.swift */ = {isa = PBXFileReference; lastKnownFileType = sourcecode.swift; path = PlayerTimerViewControllerSpy.swift; sourceTree = "<group>"; };
		5BDD67D928F2092700F0FEE6 /* GameSpy.swift */ = {isa = PBXFileReference; lastKnownFileType = sourcecode.swift; path = GameSpy.swift; sourceTree = "<group>"; };
		5BDD67DB28F20B0300F0FEE6 /* PlayerTimerViewController.swift */ = {isa = PBXFileReference; lastKnownFileType = sourcecode.swift; path = PlayerTimerViewController.swift; sourceTree = "<group>"; };
		5BDD67DD28F20B5100F0FEE6 /* PlayerTimerPresenterSpy.swift */ = {isa = PBXFileReference; lastKnownFileType = sourcecode.swift; path = PlayerTimerPresenterSpy.swift; sourceTree = "<group>"; };
		5BDD67E028F2102000F0FEE6 /* Player.swift */ = {isa = PBXFileReference; lastKnownFileType = sourcecode.swift; path = Player.swift; sourceTree = "<group>"; };
		5BDD67E228F2123700F0FEE6 /* GameTests.swift */ = {isa = PBXFileReference; lastKnownFileType = sourcecode.swift; path = GameTests.swift; sourceTree = "<group>"; };
/* End PBXFileReference section */

/* Begin PBXFrameworksBuildPhase section */
		5BDD678E28F1DF9100F0FEE6 /* Frameworks */ = {
			isa = PBXFrameworksBuildPhase;
			buildActionMask = 2147483647;
			files = (
			);
			runOnlyForDeploymentPostprocessing = 0;
		};
		5BDD67A428F1DF9200F0FEE6 /* Frameworks */ = {
			isa = PBXFrameworksBuildPhase;
			buildActionMask = 2147483647;
			files = (
			);
			runOnlyForDeploymentPostprocessing = 0;
		};
		5BDD67AE28F1DF9200F0FEE6 /* Frameworks */ = {
			isa = PBXFrameworksBuildPhase;
			buildActionMask = 2147483647;
			files = (
			);
			runOnlyForDeploymentPostprocessing = 0;
		};
/* End PBXFrameworksBuildPhase section */

/* Begin PBXGroup section */
		5BDD678828F1DF9100F0FEE6 = {
			isa = PBXGroup;
			children = (
				5BDD679328F1DF9100F0FEE6 /* ChessTimerTddProcess */,
				5BDD67AA28F1DF9200F0FEE6 /* ChessTimerTddProcessTests */,
				5BDD67B428F1DF9200F0FEE6 /* ChessTimerTddProcessUITests */,
				5BDD679228F1DF9100F0FEE6 /* Products */,
			);
			sourceTree = "<group>";
		};
		5BDD679228F1DF9100F0FEE6 /* Products */ = {
			isa = PBXGroup;
			children = (
				5BDD679128F1DF9100F0FEE6 /* ChessTimerTddProcess.app */,
				5BDD67A728F1DF9200F0FEE6 /* ChessTimerTddProcessTests.xctest */,
				5BDD67B128F1DF9200F0FEE6 /* ChessTimerTddProcessUITests.xctest */,
			);
			name = Products;
			sourceTree = "<group>";
		};
		5BDD679328F1DF9100F0FEE6 /* ChessTimerTddProcess */ = {
			isa = PBXGroup;
			children = (
				5BDD67CA28F1E4C200F0FEE6 /* ChessTimerRouter.swift */,
				5BDD67C428F1E28C00F0FEE6 /* PlayerTime */,
				5BDD679428F1DF9100F0FEE6 /* AppDelegate.swift */,
				5BDD679628F1DF9100F0FEE6 /* SceneDelegate.swift */,
				5BDD679828F1DF9100F0FEE6 /* ViewController.swift */,
				5BDD679A28F1DF9100F0FEE6 /* Main.storyboard */,
				5BDD679D28F1DF9200F0FEE6 /* Assets.xcassets */,
				5BDD679F28F1DF9200F0FEE6 /* LaunchScreen.storyboard */,
				5BDD67A228F1DF9200F0FEE6 /* Info.plist */,
				5BDD67CC28F1E4D600F0FEE6 /* ChessTimerRouterProtocol.swift */,
			);
			path = ChessTimerTddProcess;
			sourceTree = "<group>";
		};
		5BDD67AA28F1DF9200F0FEE6 /* ChessTimerTddProcessTests */ = {
			isa = PBXGroup;
			children = (
				5BDD67C528F1E29B00F0FEE6 /* PlayerTimeTest */,
			);
			path = ChessTimerTddProcessTests;
			sourceTree = "<group>";
		};
		5BDD67B428F1DF9200F0FEE6 /* ChessTimerTddProcessUITests */ = {
			isa = PBXGroup;
			children = (
				5BDD67B528F1DF9200F0FEE6 /* ChessTimerTddProcessUITests.swift */,
				5BDD67B728F1DF9200F0FEE6 /* ChessTimerTddProcessUITestsLaunchTests.swift */,
			);
			path = ChessTimerTddProcessUITests;
			sourceTree = "<group>";
		};
		5BDD67C428F1E28C00F0FEE6 /* PlayerTime */ = {
			isa = PBXGroup;
			children = (
				5BDD67DF28F2100400F0FEE6 /* PlayerModel */,
				5BDD67C828F1E44400F0FEE6 /* PlayerTimerPresenter.swift */,
				5BDD67CE28F1E62800F0FEE6 /* PlayerTimerViewController.swift */,
				5BDD67D028F1E63800F0FEE6 /* Game.swift */,
				5BDD67D228F1E65000F0FEE6 /* PlayerTimerViewController.xib */,
				5BDD67D428F202ED00F0FEE6 /* PlayerTimerFactory.swift */,
			);
			path = PlayerTime;
			sourceTree = "<group>";
		};
		5BDD67C528F1E29B00F0FEE6 /* PlayerTimeTest */ = {
			isa = PBXGroup;
			children = (
				5BDD67D628F207E100F0FEE6 /* Spy */,
				5BDD67C628F1E2D300F0FEE6 /* PlayerTimerPresenterTests.swift */,
				5BDD67DB28F20B0300F0FEE6 /* PlayerTimerViewController.swift */,
				5BDD67E228F2123700F0FEE6 /* GameTests.swift */,
			);
			path = PlayerTimeTest;
			sourceTree = "<group>";
		};
		5BDD67D628F207E100F0FEE6 /* Spy */ = {
			isa = PBXGroup;
			children = (
				5BDD67D728F2080800F0FEE6 /* PlayerTimerViewControllerSpy.swift */,
				5BDD67D928F2092700F0FEE6 /* GameSpy.swift */,
				5BDD67DD28F20B5100F0FEE6 /* PlayerTimerPresenterSpy.swift */,
			);
			path = Spy;
			sourceTree = "<group>";
		};
		5BDD67DF28F2100400F0FEE6 /* PlayerModel */ = {
			isa = PBXGroup;
			children = (
				5BDD67E028F2102000F0FEE6 /* Player.swift */,
				5B24FBC528F3BEE0007CBBD9 /* PlayerTimer.swift */,
			);
			path = PlayerModel;
			sourceTree = "<group>";
		};
/* End PBXGroup section */

/* Begin PBXNativeTarget section */
		5BDD679028F1DF9100F0FEE6 /* ChessTimerTddProcess */ = {
			isa = PBXNativeTarget;
			buildConfigurationList = 5BDD67BB28F1DF9200F0FEE6 /* Build configuration list for PBXNativeTarget "ChessTimerTddProcess" */;
			buildPhases = (
				5BDD678D28F1DF9100F0FEE6 /* Sources */,
				5BDD678E28F1DF9100F0FEE6 /* Frameworks */,
				5BDD678F28F1DF9100F0FEE6 /* Resources */,
			);
			buildRules = (
			);
			dependencies = (
			);
			name = ChessTimerTddProcess;
			productName = ChessTimerTddProcess;
			productReference = 5BDD679128F1DF9100F0FEE6 /* ChessTimerTddProcess.app */;
			productType = "com.apple.product-type.application";
		};
		5BDD67A628F1DF9200F0FEE6 /* ChessTimerTddProcessTests */ = {
			isa = PBXNativeTarget;
			buildConfigurationList = 5BDD67BE28F1DF9200F0FEE6 /* Build configuration list for PBXNativeTarget "ChessTimerTddProcessTests" */;
			buildPhases = (
				5BDD67A328F1DF9200F0FEE6 /* Sources */,
				5BDD67A428F1DF9200F0FEE6 /* Frameworks */,
				5BDD67A528F1DF9200F0FEE6 /* Resources */,
			);
			buildRules = (
			);
			dependencies = (
				5BDD67A928F1DF9200F0FEE6 /* PBXTargetDependency */,
			);
			name = ChessTimerTddProcessTests;
			productName = ChessTimerTddProcessTests;
			productReference = 5BDD67A728F1DF9200F0FEE6 /* ChessTimerTddProcessTests.xctest */;
			productType = "com.apple.product-type.bundle.unit-test";
		};
		5BDD67B028F1DF9200F0FEE6 /* ChessTimerTddProcessUITests */ = {
			isa = PBXNativeTarget;
			buildConfigurationList = 5BDD67C128F1DF9200F0FEE6 /* Build configuration list for PBXNativeTarget "ChessTimerTddProcessUITests" */;
			buildPhases = (
				5BDD67AD28F1DF9200F0FEE6 /* Sources */,
				5BDD67AE28F1DF9200F0FEE6 /* Frameworks */,
				5BDD67AF28F1DF9200F0FEE6 /* Resources */,
			);
			buildRules = (
			);
			dependencies = (
				5BDD67B328F1DF9200F0FEE6 /* PBXTargetDependency */,
			);
			name = ChessTimerTddProcessUITests;
			productName = ChessTimerTddProcessUITests;
			productReference = 5BDD67B128F1DF9200F0FEE6 /* ChessTimerTddProcessUITests.xctest */;
			productType = "com.apple.product-type.bundle.ui-testing";
		};
/* End PBXNativeTarget section */

/* Begin PBXProject section */
		5BDD678928F1DF9100F0FEE6 /* Project object */ = {
			isa = PBXProject;
			attributes = {
				BuildIndependentTargetsInParallel = 1;
				LastSwiftUpdateCheck = 1340;
				LastUpgradeCheck = 1340;
				TargetAttributes = {
					5BDD679028F1DF9100F0FEE6 = {
						CreatedOnToolsVersion = 13.4.1;
					};
					5BDD67A628F1DF9200F0FEE6 = {
						CreatedOnToolsVersion = 13.4.1;
						TestTargetID = 5BDD679028F1DF9100F0FEE6;
					};
					5BDD67B028F1DF9200F0FEE6 = {
						CreatedOnToolsVersion = 13.4.1;
						TestTargetID = 5BDD679028F1DF9100F0FEE6;
					};
				};
			};
			buildConfigurationList = 5BDD678C28F1DF9100F0FEE6 /* Build configuration list for PBXProject "ChessTimerTddProcess" */;
			compatibilityVersion = "Xcode 13.0";
			developmentRegion = en;
			hasScannedForEncodings = 0;
			knownRegions = (
				en,
				Base,
			);
			mainGroup = 5BDD678828F1DF9100F0FEE6;
			productRefGroup = 5BDD679228F1DF9100F0FEE6 /* Products */;
			projectDirPath = "";
			projectRoot = "";
			targets = (
				5BDD679028F1DF9100F0FEE6 /* ChessTimerTddProcess */,
				5BDD67A628F1DF9200F0FEE6 /* ChessTimerTddProcessTests */,
				5BDD67B028F1DF9200F0FEE6 /* ChessTimerTddProcessUITests */,
			);
		};
/* End PBXProject section */

/* Begin PBXResourcesBuildPhase section */
		5BDD678F28F1DF9100F0FEE6 /* Resources */ = {
			isa = PBXResourcesBuildPhase;
			buildActionMask = 2147483647;
			files = (
				5BDD67A128F1DF9200F0FEE6 /* LaunchScreen.storyboard in Resources */,
				5BDD679E28F1DF9200F0FEE6 /* Assets.xcassets in Resources */,
				5BDD679C28F1DF9100F0FEE6 /* Main.storyboard in Resources */,
				5BDD67D328F1E65000F0FEE6 /* PlayerTimerViewController.xib in Resources */,
			);
			runOnlyForDeploymentPostprocessing = 0;
		};
		5BDD67A528F1DF9200F0FEE6 /* Resources */ = {
			isa = PBXResourcesBuildPhase;
			buildActionMask = 2147483647;
			files = (
			);
			runOnlyForDeploymentPostprocessing = 0;
		};
		5BDD67AF28F1DF9200F0FEE6 /* Resources */ = {
			isa = PBXResourcesBuildPhase;
			buildActionMask = 2147483647;
			files = (
			);
			runOnlyForDeploymentPostprocessing = 0;
		};
/* End PBXResourcesBuildPhase section */

/* Begin PBXSourcesBuildPhase section */
		5BDD678D28F1DF9100F0FEE6 /* Sources */ = {
			isa = PBXSourcesBuildPhase;
			buildActionMask = 2147483647;
			files = (
				5BDD679928F1DF9100F0FEE6 /* ViewController.swift in Sources */,
				5BDD67CD28F1E4D600F0FEE6 /* ChessTimerRouterProtocol.swift in Sources */,
				5BDD679528F1DF9100F0FEE6 /* AppDelegate.swift in Sources */,
				5BDD679728F1DF9100F0FEE6 /* SceneDelegate.swift in Sources */,
				5BDD67D528F202ED00F0FEE6 /* PlayerTimerFactory.swift in Sources */,
				5B24FBC628F3BEE0007CBBD9 /* PlayerTimer.swift in Sources */,
				5BDD67C928F1E44400F0FEE6 /* PlayerTimerPresenter.swift in Sources */,
				5BDD67CF28F1E62800F0FEE6 /* PlayerTimerViewController.swift in Sources */,
				5BDD67CB28F1E4C200F0FEE6 /* ChessTimerRouter.swift in Sources */,
				5BDD67E128F2102000F0FEE6 /* Player.swift in Sources */,
				5BDD67D128F1E63800F0FEE6 /* Game.swift in Sources */,
			);
			runOnlyForDeploymentPostprocessing = 0;
		};
		5BDD67A328F1DF9200F0FEE6 /* Sources */ = {
			isa = PBXSourcesBuildPhase;
			buildActionMask = 2147483647;
			files = (
				5BDD67DA28F2092700F0FEE6 /* GameSpy.swift in Sources */,
				5BDD67E328F2123700F0FEE6 /* GameTests.swift in Sources */,
				5BDD67DE28F20B5100F0FEE6 /* PlayerTimerPresenterSpy.swift in Sources */,
				5BDD67D828F2080800F0FEE6 /* PlayerTimerViewControllerSpy.swift in Sources */,
				5BDD67C728F1E2D300F0FEE6 /* PlayerTimerPresenterTests.swift in Sources */,
				5BDD67DC28F20B0300F0FEE6 /* PlayerTimerViewController.swift in Sources */,
			);
			runOnlyForDeploymentPostprocessing = 0;
		};
		5BDD67AD28F1DF9200F0FEE6 /* Sources */ = {
			isa = PBXSourcesBuildPhase;
			buildActionMask = 2147483647;
			files = (
				5BDD67B828F1DF9200F0FEE6 /* ChessTimerTddProcessUITestsLaunchTests.swift in Sources */,
				5BDD67B628F1DF9200F0FEE6 /* ChessTimerTddProcessUITests.swift in Sources */,
			);
			runOnlyForDeploymentPostprocessing = 0;
		};
/* End PBXSourcesBuildPhase section */

/* Begin PBXTargetDependency section */
		5BDD67A928F1DF9200F0FEE6 /* PBXTargetDependency */ = {
			isa = PBXTargetDependency;
			target = 5BDD679028F1DF9100F0FEE6 /* ChessTimerTddProcess */;
			targetProxy = 5BDD67A828F1DF9200F0FEE6 /* PBXContainerItemProxy */;
		};
		5BDD67B328F1DF9200F0FEE6 /* PBXTargetDependency */ = {
			isa = PBXTargetDependency;
			target = 5BDD679028F1DF9100F0FEE6 /* ChessTimerTddProcess */;
			targetProxy = 5BDD67B228F1DF9200F0FEE6 /* PBXContainerItemProxy */;
		};
/* End PBXTargetDependency section */

/* Begin PBXVariantGroup section */
		5BDD679A28F1DF9100F0FEE6 /* Main.storyboard */ = {
			isa = PBXVariantGroup;
			children = (
				5BDD679B28F1DF9100F0FEE6 /* Base */,
			);
			name = Main.storyboard;
			sourceTree = "<group>";
		};
		5BDD679F28F1DF9200F0FEE6 /* LaunchScreen.storyboard */ = {
			isa = PBXVariantGroup;
			children = (
				5BDD67A028F1DF9200F0FEE6 /* Base */,
			);
			name = LaunchScreen.storyboard;
			sourceTree = "<group>";
		};
/* End PBXVariantGroup section */

/* Begin XCBuildConfiguration section */
		5BDD67B928F1DF9200F0FEE6 /* Debug */ = {
			isa = XCBuildConfiguration;
			buildSettings = {
				ALWAYS_SEARCH_USER_PATHS = NO;
				CLANG_ANALYZER_NONNULL = YES;
				CLANG_ANALYZER_NUMBER_OBJECT_CONVERSION = YES_AGGRESSIVE;
				CLANG_CXX_LANGUAGE_STANDARD = "gnu++17";
				CLANG_ENABLE_MODULES = YES;
				CLANG_ENABLE_OBJC_ARC = YES;
				CLANG_ENABLE_OBJC_WEAK = YES;
				CLANG_WARN_BLOCK_CAPTURE_AUTORELEASING = YES;
				CLANG_WARN_BOOL_CONVERSION = YES;
				CLANG_WARN_COMMA = YES;
				CLANG_WARN_CONSTANT_CONVERSION = YES;
				CLANG_WARN_DEPRECATED_OBJC_IMPLEMENTATIONS = YES;
				CLANG_WARN_DIRECT_OBJC_ISA_USAGE = YES_ERROR;
				CLANG_WARN_DOCUMENTATION_COMMENTS = YES;
				CLANG_WARN_EMPTY_BODY = YES;
				CLANG_WARN_ENUM_CONVERSION = YES;
				CLANG_WARN_INFINITE_RECURSION = YES;
				CLANG_WARN_INT_CONVERSION = YES;
				CLANG_WARN_NON_LITERAL_NULL_CONVERSION = YES;
				CLANG_WARN_OBJC_IMPLICIT_RETAIN_SELF = YES;
				CLANG_WARN_OBJC_LITERAL_CONVERSION = YES;
				CLANG_WARN_OBJC_ROOT_CLASS = YES_ERROR;
				CLANG_WARN_QUOTED_INCLUDE_IN_FRAMEWORK_HEADER = YES;
				CLANG_WARN_RANGE_LOOP_ANALYSIS = YES;
				CLANG_WARN_STRICT_PROTOTYPES = YES;
				CLANG_WARN_SUSPICIOUS_MOVE = YES;
				CLANG_WARN_UNGUARDED_AVAILABILITY = YES_AGGRESSIVE;
				CLANG_WARN_UNREACHABLE_CODE = YES;
				CLANG_WARN__DUPLICATE_METHOD_MATCH = YES;
				COPY_PHASE_STRIP = NO;
				DEBUG_INFORMATION_FORMAT = dwarf;
				ENABLE_STRICT_OBJC_MSGSEND = YES;
				ENABLE_TESTABILITY = YES;
				GCC_C_LANGUAGE_STANDARD = gnu11;
				GCC_DYNAMIC_NO_PIC = NO;
				GCC_NO_COMMON_BLOCKS = YES;
				GCC_OPTIMIZATION_LEVEL = 0;
				GCC_PREPROCESSOR_DEFINITIONS = (
					"DEBUG=1",
					"$(inherited)",
				);
				GCC_WARN_64_TO_32_BIT_CONVERSION = YES;
				GCC_WARN_ABOUT_RETURN_TYPE = YES_ERROR;
				GCC_WARN_UNDECLARED_SELECTOR = YES;
				GCC_WARN_UNINITIALIZED_AUTOS = YES_AGGRESSIVE;
				GCC_WARN_UNUSED_FUNCTION = YES;
				GCC_WARN_UNUSED_VARIABLE = YES;
				IPHONEOS_DEPLOYMENT_TARGET = 15.5;
				MTL_ENABLE_DEBUG_INFO = INCLUDE_SOURCE;
				MTL_FAST_MATH = YES;
				ONLY_ACTIVE_ARCH = YES;
				SDKROOT = iphoneos;
				SWIFT_ACTIVE_COMPILATION_CONDITIONS = DEBUG;
				SWIFT_OPTIMIZATION_LEVEL = "-Onone";
			};
			name = Debug;
		};
		5BDD67BA28F1DF9200F0FEE6 /* Release */ = {
			isa = XCBuildConfiguration;
			buildSettings = {
				ALWAYS_SEARCH_USER_PATHS = NO;
				CLANG_ANALYZER_NONNULL = YES;
				CLANG_ANALYZER_NUMBER_OBJECT_CONVERSION = YES_AGGRESSIVE;
				CLANG_CXX_LANGUAGE_STANDARD = "gnu++17";
				CLANG_ENABLE_MODULES = YES;
				CLANG_ENABLE_OBJC_ARC = YES;
				CLANG_ENABLE_OBJC_WEAK = YES;
				CLANG_WARN_BLOCK_CAPTURE_AUTORELEASING = YES;
				CLANG_WARN_BOOL_CONVERSION = YES;
				CLANG_WARN_COMMA = YES;
				CLANG_WARN_CONSTANT_CONVERSION = YES;
				CLANG_WARN_DEPRECATED_OBJC_IMPLEMENTATIONS = YES;
				CLANG_WARN_DIRECT_OBJC_ISA_USAGE = YES_ERROR;
				CLANG_WARN_DOCUMENTATION_COMMENTS = YES;
				CLANG_WARN_EMPTY_BODY = YES;
				CLANG_WARN_ENUM_CONVERSION = YES;
				CLANG_WARN_INFINITE_RECURSION = YES;
				CLANG_WARN_INT_CONVERSION = YES;
				CLANG_WARN_NON_LITERAL_NULL_CONVERSION = YES;
				CLANG_WARN_OBJC_IMPLICIT_RETAIN_SELF = YES;
				CLANG_WARN_OBJC_LITERAL_CONVERSION = YES;
				CLANG_WARN_OBJC_ROOT_CLASS = YES_ERROR;
				CLANG_WARN_QUOTED_INCLUDE_IN_FRAMEWORK_HEADER = YES;
				CLANG_WARN_RANGE_LOOP_ANALYSIS = YES;
				CLANG_WARN_STRICT_PROTOTYPES = YES;
				CLANG_WARN_SUSPICIOUS_MOVE = YES;
				CLANG_WARN_UNGUARDED_AVAILABILITY = YES_AGGRESSIVE;
				CLANG_WARN_UNREACHABLE_CODE = YES;
				CLANG_WARN__DUPLICATE_METHOD_MATCH = YES;
				COPY_PHASE_STRIP = NO;
				DEBUG_INFORMATION_FORMAT = "dwarf-with-dsym";
				ENABLE_NS_ASSERTIONS = NO;
				ENABLE_STRICT_OBJC_MSGSEND = YES;
				GCC_C_LANGUAGE_STANDARD = gnu11;
				GCC_NO_COMMON_BLOCKS = YES;
				GCC_WARN_64_TO_32_BIT_CONVERSION = YES;
				GCC_WARN_ABOUT_RETURN_TYPE = YES_ERROR;
				GCC_WARN_UNDECLARED_SELECTOR = YES;
				GCC_WARN_UNINITIALIZED_AUTOS = YES_AGGRESSIVE;
				GCC_WARN_UNUSED_FUNCTION = YES;
				GCC_WARN_UNUSED_VARIABLE = YES;
				IPHONEOS_DEPLOYMENT_TARGET = 15.5;
				MTL_ENABLE_DEBUG_INFO = NO;
				MTL_FAST_MATH = YES;
				SDKROOT = iphoneos;
				SWIFT_COMPILATION_MODE = wholemodule;
				SWIFT_OPTIMIZATION_LEVEL = "-O";
				VALIDATE_PRODUCT = YES;
			};
			name = Release;
		};
		5BDD67BC28F1DF9200F0FEE6 /* Debug */ = {
			isa = XCBuildConfiguration;
			buildSettings = {
				ASSETCATALOG_COMPILER_APPICON_NAME = AppIcon;
				ASSETCATALOG_COMPILER_GLOBAL_ACCENT_COLOR_NAME = AccentColor;
				CODE_SIGN_STYLE = Automatic;
				CURRENT_PROJECT_VERSION = 1;
				GENERATE_INFOPLIST_FILE = YES;
				INFOPLIST_FILE = ChessTimerTddProcess/Info.plist;
				INFOPLIST_KEY_UIApplicationSupportsIndirectInputEvents = YES;
				INFOPLIST_KEY_UILaunchStoryboardName = LaunchScreen;
				INFOPLIST_KEY_UISupportedInterfaceOrientations_iPad = "UIInterfaceOrientationPortrait UIInterfaceOrientationPortraitUpsideDown UIInterfaceOrientationLandscapeLeft UIInterfaceOrientationLandscapeRight";
				INFOPLIST_KEY_UISupportedInterfaceOrientations_iPhone = "UIInterfaceOrientationPortrait UIInterfaceOrientationLandscapeLeft UIInterfaceOrientationLandscapeRight";
				LD_RUNPATH_SEARCH_PATHS = (
					"$(inherited)",
					"@executable_path/Frameworks",
				);
				MARKETING_VERSION = 1.0;
				PRODUCT_BUNDLE_IDENTIFIER = d.ChessTimerTddProcess;
				PRODUCT_NAME = "$(TARGET_NAME)";
				SWIFT_EMIT_LOC_STRINGS = YES;
				SWIFT_VERSION = 5.0;
				TARGETED_DEVICE_FAMILY = "1,2";
			};
			name = Debug;
		};
		5BDD67BD28F1DF9200F0FEE6 /* Release */ = {
			isa = XCBuildConfiguration;
			buildSettings = {
				ASSETCATALOG_COMPILER_APPICON_NAME = AppIcon;
				ASSETCATALOG_COMPILER_GLOBAL_ACCENT_COLOR_NAME = AccentColor;
				CODE_SIGN_STYLE = Automatic;
				CURRENT_PROJECT_VERSION = 1;
				GENERATE_INFOPLIST_FILE = YES;
				INFOPLIST_FILE = ChessTimerTddProcess/Info.plist;
				INFOPLIST_KEY_UIApplicationSupportsIndirectInputEvents = YES;
				INFOPLIST_KEY_UILaunchStoryboardName = LaunchScreen;
				INFOPLIST_KEY_UISupportedInterfaceOrientations_iPad = "UIInterfaceOrientationPortrait UIInterfaceOrientationPortraitUpsideDown UIInterfaceOrientationLandscapeLeft UIInterfaceOrientationLandscapeRight";
				INFOPLIST_KEY_UISupportedInterfaceOrientations_iPhone = "UIInterfaceOrientationPortrait UIInterfaceOrientationLandscapeLeft UIInterfaceOrientationLandscapeRight";
				LD_RUNPATH_SEARCH_PATHS = (
					"$(inherited)",
					"@executable_path/Frameworks",
				);
				MARKETING_VERSION = 1.0;
				PRODUCT_BUNDLE_IDENTIFIER = d.ChessTimerTddProcess;
				PRODUCT_NAME = "$(TARGET_NAME)";
				SWIFT_EMIT_LOC_STRINGS = YES;
				SWIFT_VERSION = 5.0;
				TARGETED_DEVICE_FAMILY = "1,2";
			};
			name = Release;
		};
		5BDD67BF28F1DF9200F0FEE6 /* Debug */ = {
			isa = XCBuildConfiguration;
			buildSettings = {
				ALWAYS_EMBED_SWIFT_STANDARD_LIBRARIES = YES;
				BUNDLE_LOADER = "$(TEST_HOST)";
				CODE_SIGN_STYLE = Automatic;
				CURRENT_PROJECT_VERSION = 1;
				GENERATE_INFOPLIST_FILE = YES;
				IPHONEOS_DEPLOYMENT_TARGET = 15.5;
				MARKETING_VERSION = 1.0;
				PRODUCT_BUNDLE_IDENTIFIER = d.ChessTimerTddProcessTests;
				PRODUCT_NAME = "$(TARGET_NAME)";
				SWIFT_EMIT_LOC_STRINGS = NO;
				SWIFT_VERSION = 5.0;
				TARGETED_DEVICE_FAMILY = "1,2";
				TEST_HOST = "$(BUILT_PRODUCTS_DIR)/ChessTimerTddProcess.app/ChessTimerTddProcess";
			};
			name = Debug;
		};
		5BDD67C028F1DF9200F0FEE6 /* Release */ = {
			isa = XCBuildConfiguration;
			buildSettings = {
				ALWAYS_EMBED_SWIFT_STANDARD_LIBRARIES = YES;
				BUNDLE_LOADER = "$(TEST_HOST)";
				CODE_SIGN_STYLE = Automatic;
				CURRENT_PROJECT_VERSION = 1;
				GENERATE_INFOPLIST_FILE = YES;
				IPHONEOS_DEPLOYMENT_TARGET = 15.5;
				MARKETING_VERSION = 1.0;
				PRODUCT_BUNDLE_IDENTIFIER = d.ChessTimerTddProcessTests;
				PRODUCT_NAME = "$(TARGET_NAME)";
				SWIFT_EMIT_LOC_STRINGS = NO;
				SWIFT_VERSION = 5.0;
				TARGETED_DEVICE_FAMILY = "1,2";
				TEST_HOST = "$(BUILT_PRODUCTS_DIR)/ChessTimerTddProcess.app/ChessTimerTddProcess";
			};
			name = Release;
		};
		5BDD67C228F1DF9200F0FEE6 /* Debug */ = {
			isa = XCBuildConfiguration;
			buildSettings = {
				ALWAYS_EMBED_SWIFT_STANDARD_LIBRARIES = YES;
				CODE_SIGN_STYLE = Automatic;
				CURRENT_PROJECT_VERSION = 1;
				GENERATE_INFOPLIST_FILE = YES;
				MARKETING_VERSION = 1.0;
				PRODUCT_BUNDLE_IDENTIFIER = d.ChessTimerTddProcessUITests;
				PRODUCT_NAME = "$(TARGET_NAME)";
				SWIFT_EMIT_LOC_STRINGS = NO;
				SWIFT_VERSION = 5.0;
				TARGETED_DEVICE_FAMILY = "1,2";
				TEST_TARGET_NAME = ChessTimerTddProcess;
			};
			name = Debug;
		};
		5BDD67C328F1DF9200F0FEE6 /* Release */ = {
			isa = XCBuildConfiguration;
			buildSettings = {
				ALWAYS_EMBED_SWIFT_STANDARD_LIBRARIES = YES;
				CODE_SIGN_STYLE = Automatic;
				CURRENT_PROJECT_VERSION = 1;
				GENERATE_INFOPLIST_FILE = YES;
				MARKETING_VERSION = 1.0;
				PRODUCT_BUNDLE_IDENTIFIER = d.ChessTimerTddProcessUITests;
				PRODUCT_NAME = "$(TARGET_NAME)";
				SWIFT_EMIT_LOC_STRINGS = NO;
				SWIFT_VERSION = 5.0;
				TARGETED_DEVICE_FAMILY = "1,2";
				TEST_TARGET_NAME = ChessTimerTddProcess;
			};
			name = Release;
		};
/* End XCBuildConfiguration section */

/* Begin XCConfigurationList section */
		5BDD678C28F1DF9100F0FEE6 /* Build configuration list for PBXProject "ChessTimerTddProcess" */ = {
			isa = XCConfigurationList;
			buildConfigurations = (
				5BDD67B928F1DF9200F0FEE6 /* Debug */,
				5BDD67BA28F1DF9200F0FEE6 /* Release */,
			);
			defaultConfigurationIsVisible = 0;
			defaultConfigurationName = Release;
		};
		5BDD67BB28F1DF9200F0FEE6 /* Build configuration list for PBXNativeTarget "ChessTimerTddProcess" */ = {
			isa = XCConfigurationList;
			buildConfigurations = (
				5BDD67BC28F1DF9200F0FEE6 /* Debug */,
				5BDD67BD28F1DF9200F0FEE6 /* Release */,
			);
			defaultConfigurationIsVisible = 0;
			defaultConfigurationName = Release;
		};
		5BDD67BE28F1DF9200F0FEE6 /* Build configuration list for PBXNativeTarget "ChessTimerTddProcessTests" */ = {
			isa = XCConfigurationList;
			buildConfigurations = (
				5BDD67BF28F1DF9200F0FEE6 /* Debug */,
				5BDD67C028F1DF9200F0FEE6 /* Release */,
			);
			defaultConfigurationIsVisible = 0;
			defaultConfigurationName = Release;
		};
		5BDD67C128F1DF9200F0FEE6 /* Build configuration list for PBXNativeTarget "ChessTimerTddProcessUITests" */ = {
			isa = XCConfigurationList;
			buildConfigurations = (
				5BDD67C228F1DF9200F0FEE6 /* Debug */,
				5BDD67C328F1DF9200F0FEE6 /* Release */,
			);
			defaultConfigurationIsVisible = 0;
			defaultConfigurationName = Release;
		};
/* End XCConfigurationList section */
	};
	rootObject = 5BDD678928F1DF9100F0FEE6 /* Project object */;
}
